{
    "name": "a",
    "version": "0.1.0",
    "lockfileVersion": 3,
    "requires": true,
    "packages": {
        "": {
            "name": "a",
            "version": "0.1.0",
            "dependencies": {
                "@supabase/ssr": "^0.8.0",
                "@supabase/supabase-js": "^2.90.1",
                "next": "14.2.3",
                "pdf-lib": "^1.17.1",
                "pdfjs-dist": "^5.4.530",
                "react": "18.3.1",
                "react-dom": "18.3.1"
            },
            "devDependencies": {
                "@types/react": "19.2.8",
                "playwright": "^1.57.0",
                "typescript": "5.9.3"
            }
        },
        "node_modules/@napi-rs/canvas": {
            "version": "0.1.88",
            "resolved": "https://registry.npmjs.org/@napi-rs/canvas/-/canvas-0.1.88.tgz",
            "integrity": "sha512-/p08f93LEbsL5mDZFQ3DBxcPv/I4QG9EDYRRq1WNlCOXVfAHBTHMSVMwxlqG/AtnSfUr9+vgfN7MKiyDo0+Weg==",
            "license": "MIT",
            "optional": true,
            "workspaces": [
                "e2e/*"
            ],
            "engines": {
                "node": ">= 10"
            },
            "funding": {
                "type": "github",
                "url": "https://github.com/sponsors/Brooooooklyn"
            },
            "optionalDependencies": {
                "@napi-rs/canvas-android-arm64": "0.1.88",
                "@napi-rs/canvas-darwin-arm64": "0.1.88",
                "@napi-rs/canvas-darwin-x64": "0.1.88",
                "@napi-rs/canvas-linux-arm-gnueabihf": "0.1.88",
                "@napi-rs/canvas-linux-arm64-gnu": "0.1.88",
                "@napi-rs/canvas-linux-arm64-musl": "0.1.88",
                "@napi-rs/canvas-linux-riscv64-gnu": "0.1.88",
                "@napi-rs/canvas-linux-x64-gnu": "0.1.88",
                "@napi-rs/canvas-linux-x64-musl": "0.1.88",
                "@napi-rs/canvas-win32-arm64-msvc": "0.1.88",
                "@napi-rs/canvas-win32-x64-msvc": "0.1.88"
            }
        },
        "node_modules/@napi-rs/canvas-android-arm64": {
            "version": "0.1.88",
            "resolved": "https://registry.npmjs.org/@napi-rs/canvas-android-arm64/-/canvas-android-arm64-0.1.88.tgz",
            "integrity": "sha512-KEaClPnZuVxJ8smUWjV1wWFkByBO/D+vy4lN+Dm5DFH514oqwukxKGeck9xcKJhaWJGjfruGmYGiwRe//+/zQQ==",
            "cpu": [
                "arm64"
            ],
            "license": "MIT",
            "optional": true,
            "os": [
                "android"
            ],
            "engines": {
                "node": ">= 10"
            },
            "funding": {
                "type": "github",
                "url": "https://github.com/sponsors/Brooooooklyn"
            }
        },
        "node_modules/@napi-rs/canvas-darwin-arm64": {
            "version": "0.1.88",
            "resolved": "https://registry.npmjs.org/@napi-rs/canvas-darwin-arm64/-/canvas-darwin-arm64-0.1.88.tgz",
            "integrity": "sha512-Xgywz0dDxOKSgx3eZnK85WgGMmGrQEW7ZLA/E7raZdlEE+xXCozobgqz2ZvYigpB6DJFYkqnwHjqCOTSDGlFdg==",
            "cpu": [
                "arm64"
            ],
            "license": "MIT",
            "optional": true,
            "os": [
                "darwin"
            ],
            "engines": {
                "node": ">= 10"
            },
            "funding": {
                "type": "github",
                "url": "https://github.com/sponsors/Brooooooklyn"
            }
        },
        "node_modules/@napi-rs/canvas-darwin-x64": {
            "version": "0.1.88",
            "resolved": "https://registry.npmjs.org/@napi-rs/canvas-darwin-x64/-/canvas-darwin-x64-0.1.88.tgz",
            "integrity": "sha512-Yz4wSCIQOUgNucgk+8NFtQxQxZV5NO8VKRl9ePKE6XoNyNVC8JDqtvhh3b3TPqKK8W5p2EQpAr1rjjm0mfBxdg==",
            "cpu": [
                "x64"
            ],
            "license": "MIT",
            "optional": true,
            "os": [
                "darwin"
            ],
            "engines": {
                "node": ">= 10"
            },
            "funding": {
                "type": "github",
                "url": "https://github.com/sponsors/Brooooooklyn"
            }
        },
        "node_modules/@napi-rs/canvas-linux-arm-gnueabihf": {
            "version": "0.1.88",
            "resolved": "https://registry.npmjs.org/@napi-rs/canvas-linux-arm-gnueabihf/-/canvas-linux-arm-gnueabihf-0.1.88.tgz",
            "integrity": "sha512-9gQM2SlTo76hYhxHi2XxWTAqpTOb+JtxMPEIr+H5nAhHhyEtNmTSDRtz93SP7mGd2G3Ojf2oF5tP9OdgtgXyKg==",
            "cpu": [
                "arm"
            ],
            "license": "MIT",
            "optional": true,
            "os": [
                "linux"
            ],
            "engines": {
                "node": ">= 10"
            },
            "funding": {
                "type": "github",
                "url": "https://github.com/sponsors/Brooooooklyn"
            }
        },
        "node_modules/@napi-rs/canvas-linux-arm64-gnu": {
            "version": "0.1.88",
            "resolved": "https://registry.npmjs.org/@napi-rs/canvas-linux-arm64-gnu/-/canvas-linux-arm64-gnu-0.1.88.tgz",
            "integrity": "sha512-7qgaOBMXuVRk9Fzztzr3BchQKXDxGbY+nwsovD3I/Sx81e+sX0ReEDYHTItNb0Je4NHbAl7D0MKyd4SvUc04sg==",
            "cpu": [
                "arm64"
            ],
            "license": "MIT",
            "optional": true,
            "os": [
                "linux"
            ],
            "engines": {
                "node": ">= 10"
            },
            "funding": {
                "type": "github",
                "url": "https://github.com/sponsors/Brooooooklyn"
            }
        },
        "node_modules/@napi-rs/canvas-linux-arm64-musl": {
            "version": "0.1.88",
            "resolved": "https://registry.npmjs.org/@napi-rs/canvas-linux-arm64-musl/-/canvas-linux-arm64-musl-0.1.88.tgz",
            "integrity": "sha512-kYyNrUsHLkoGHBc77u4Unh067GrfiCUMbGHC2+OTxbeWfZkPt2o32UOQkhnSswKd9Fko/wSqqGkY956bIUzruA==",
            "cpu": [
                "arm64"
            ],
            "license": "MIT",
            "optional": true,
            "os": [
                "linux"
            ],
            "engines": {
                "node": ">= 10"
            },
            "funding": {
                "type": "github",
                "url": "https://github.com/sponsors/Brooooooklyn"
            }
        },
        "node_modules/@napi-rs/canvas-linux-riscv64-gnu": {
            "version": "0.1.88",
            "resolved": "https://registry.npmjs.org/@napi-rs/canvas-linux-riscv64-gnu/-/canvas-linux-riscv64-gnu-0.1.88.tgz",
            "integrity": "sha512-HVuH7QgzB0yavYdNZDRyAsn/ejoXB0hn8twwFnOqUbCCdkV+REna7RXjSR7+PdfW0qMQ2YYWsLvVBT5iL/mGpw==",
            "cpu": [
                "riscv64"
            ],
            "license": "MIT",
            "optional": true,
            "os": [
                "linux"
            ],
            "engines": {
                "node": ">= 10"
            },
            "funding": {
                "type": "github",
                "url": "https://github.com/sponsors/Brooooooklyn"
            }
        },
        "node_modules/@napi-rs/canvas-linux-x64-gnu": {
            "version": "0.1.88",
            "resolved": "https://registry.npmjs.org/@napi-rs/canvas-linux-x64-gnu/-/canvas-linux-x64-gnu-0.1.88.tgz",
            "integrity": "sha512-hvcvKIcPEQrvvJtJnwD35B3qk6umFJ8dFIr8bSymfrSMem0EQsfn1ztys8ETIFndTwdNWJKWluvxztA41ivsEw==",
            "cpu": [
                "x64"
            ],
            "license": "MIT",
            "optional": true,
            "os": [
                "linux"
            ],
            "engines": {
                "node": ">= 10"
            },
            "funding": {
                "type": "github",
                "url": "https://github.com/sponsors/Brooooooklyn"
            }
        },
        "node_modules/@napi-rs/canvas-linux-x64-musl": {
            "version": "0.1.88",
            "resolved": "https://registry.npmjs.org/@napi-rs/canvas-linux-x64-musl/-/canvas-linux-x64-musl-0.1.88.tgz",
            "integrity": "sha512-eSMpGYY2xnZSQ6UxYJ6plDboxq4KeJ4zT5HaVkUnbObNN6DlbJe0Mclh3wifAmquXfrlgTZt6zhHsUgz++AK6g==",
            "cpu": [
                "x64"
            ],
            "license": "MIT",
            "optional": true,
            "os": [
                "linux"
            ],
            "engines": {
                "node": ">= 10"
            },
            "funding": {
                "type": "github",
                "url": "https://github.com/sponsors/Brooooooklyn"
            }
        },
        "node_modules/@napi-rs/canvas-win32-arm64-msvc": {
            "version": "0.1.88",
            "resolved": "https://registry.npmjs.org/@napi-rs/canvas-win32-arm64-msvc/-/canvas-win32-arm64-msvc-0.1.88.tgz",
            "integrity": "sha512-qcIFfEgHrchyYqRrxsCeTQgpJZ/GqHiqPcU/Fvw/ARVlQeDX1VyFH+X+0gCR2tca6UJrq96vnW+5o7buCq+erA==",
            "cpu": [
                "arm64"
            ],
            "license": "MIT",
            "optional": true,
            "os": [
                "win32"
            ],
            "engines": {
                "node": ">= 10"
            },
            "funding": {
                "type": "github",
                "url": "https://github.com/sponsors/Brooooooklyn"
            }
        },
        "node_modules/@napi-rs/canvas-win32-x64-msvc": {
            "version": "0.1.88",
            "resolved": "https://registry.npmjs.org/@napi-rs/canvas-win32-x64-msvc/-/canvas-win32-x64-msvc-0.1.88.tgz",
            "integrity": "sha512-ROVqbfS4QyZxYkqmaIBBpbz/BQvAR+05FXM5PAtTYVc0uyY8Y4BHJSMdGAaMf6TdIVRsQsiq+FG/dH9XhvWCFQ==",
            "cpu": [
                "x64"
            ],
            "license": "MIT",
            "optional": true,
            "os": [
                "win32"
            ],
            "engines": {
                "node": ">= 10"
            },
            "funding": {
                "type": "github",
                "url": "https://github.com/sponsors/Brooooooklyn"
            }
        },
        "node_modules/@next/env": {
            "version": "14.2.3",
            "resolved": "https://registry.npmjs.org/@next/env/-/env-14.2.3.tgz",
            "integrity": "sha512-W7fd7IbkfmeeY2gXrzJYDx8D2lWKbVoTIj1o1ScPHNzvp30s1AuoEFSdr39bC5sjxJaxTtq3OTCZboNp0lNWHA==",
            "license": "MIT"
        },
        "node_modules/@next/swc-darwin-arm64": {
            "version": "14.2.3",
            "resolved": "https://registry.npmjs.org/@next/swc-darwin-arm64/-/swc-darwin-arm64-14.2.3.tgz",
            "integrity": "sha512-3pEYo/RaGqPP0YzwnlmPN2puaF2WMLM3apt5jLW2fFdXD9+pqcoTzRk+iZsf8ta7+quAe4Q6Ms0nR0SFGFdS1A==",
            "cpu": [
                "arm64"
            ],
            "license": "MIT",
            "optional": true,
            "os": [
                "darwin"
            ],
            "engines": {
                "node": ">= 10"
            }
        },
        "node_modules/@next/swc-darwin-x64": {
            "version": "14.2.3",
            "resolved": "https://registry.npmjs.org/@next/swc-darwin-x64/-/swc-darwin-x64-14.2.3.tgz",
            "integrity": "sha512-6adp7waE6P1TYFSXpY366xwsOnEXM+y1kgRpjSRVI2CBDOcbRjsJ67Z6EgKIqWIue52d2q/Mx8g9MszARj8IEA==",
            "cpu": [
                "x64"
            ],
            "license": "MIT",
            "optional": true,
            "os": [
                "darwin"
            ],
            "engines": {
                "node": ">= 10"
            }
        },
        "node_modules/@next/swc-linux-arm64-gnu": {
            "version": "14.2.3",
            "resolved": "https://registry.npmjs.org/@next/swc-linux-arm64-gnu/-/swc-linux-arm64-gnu-14.2.3.tgz",
            "integrity": "sha512-cuzCE/1G0ZSnTAHJPUT1rPgQx1w5tzSX7POXSLaS7w2nIUJUD+e25QoXD/hMfxbsT9rslEXugWypJMILBj/QsA==",
            "cpu": [
                "arm64"
            ],
            "license": "MIT",
            "optional": true,
            "os": [
                "linux"
            ],
            "engines": {
                "node": ">= 10"
            }
        },
        "node_modules/@next/swc-linux-arm64-musl": {
            "version": "14.2.3",
            "resolved": "https://registry.npmjs.org/@next/swc-linux-arm64-musl/-/swc-linux-arm64-musl-14.2.3.tgz",
            "integrity": "sha512-0D4/oMM2Y9Ta3nGuCcQN8jjJjmDPYpHX9OJzqk42NZGJocU2MqhBq5tWkJrUQOQY9N+In9xOdymzapM09GeiZw==",
            "cpu": [
                "arm64"
            ],
            "license": "MIT",
            "optional": true,
            "os": [
                "linux"
            ],
            "engines": {
                "node": ">= 10"
            }
        },
        "node_modules/@next/swc-linux-x64-gnu": {
            "version": "14.2.3",
            "resolved": "https://registry.npmjs.org/@next/swc-linux-x64-gnu/-/swc-linux-x64-gnu-14.2.3.tgz",
            "integrity": "sha512-ENPiNnBNDInBLyUU5ii8PMQh+4XLr4pG51tOp6aJ9xqFQ2iRI6IH0Ds2yJkAzNV1CfyagcyzPfROMViS2wOZ9w==",
            "cpu": [
                "x64"
            ],
            "license": "MIT",
            "optional": true,
            "os": [
                "linux"
            ],
            "engines": {
                "node": ">= 10"
            }
        },
        "node_modules/@next/swc-linux-x64-musl": {
            "version": "14.2.3",
            "resolved": "https://registry.npmjs.org/@next/swc-linux-x64-musl/-/swc-linux-x64-musl-14.2.3.tgz",
            "integrity": "sha512-BTAbq0LnCbF5MtoM7I/9UeUu/8ZBY0i8SFjUMCbPDOLv+un67e2JgyN4pmgfXBwy/I+RHu8q+k+MCkDN6P9ViQ==",
            "cpu": [
                "x64"
            ],
            "license": "MIT",
            "optional": true,
            "os": [
                "linux"
            ],
            "engines": {
                "node": ">= 10"
            }
        },
        "node_modules/@next/swc-win32-arm64-msvc": {
            "version": "14.2.3",
            "resolved": "https://registry.npmjs.org/@next/swc-win32-arm64-msvc/-/swc-win32-arm64-msvc-14.2.3.tgz",
            "integrity": "sha512-AEHIw/dhAMLNFJFJIJIyOFDzrzI5bAjI9J26gbO5xhAKHYTZ9Or04BesFPXiAYXDNdrwTP2dQceYA4dL1geu8A==",
            "cpu": [
                "arm64"
            ],
            "license": "MIT",
            "optional": true,
            "os": [
                "win32"
            ],
            "engines": {
                "node": ">= 10"
            }
        },
        "node_modules/@next/swc-win32-ia32-msvc": {
            "version": "14.2.3",
            "resolved": "https://registry.npmjs.org/@next/swc-win32-ia32-msvc/-/swc-win32-ia32-msvc-14.2.3.tgz",
            "integrity": "sha512-vga40n1q6aYb0CLrM+eEmisfKCR45ixQYXuBXxOOmmoV8sYST9k7E3US32FsY+CkkF7NtzdcebiFT4CHuMSyZw==",
            "cpu": [
                "ia32"
            ],
            "license": "MIT",
            "optional": true,
            "os": [
                "win32"
            ],
            "engines": {
                "node": ">= 10"
            }
        },
        "node_modules/@next/swc-win32-x64-msvc": {
            "version": "14.2.3",
            "resolved": "https://registry.npmjs.org/@next/swc-win32-x64-msvc/-/swc-win32-x64-msvc-14.2.3.tgz",
            "integrity": "sha512-Q1/zm43RWynxrO7lW4ehciQVj+5ePBhOK+/K2P7pLFX3JaJ/IZVC69SHidrmZSOkqz7ECIOhhy7XhAFG4JYyHA==",
            "cpu": [
                "x64"
            ],
            "license": "MIT",
            "optional": true,
            "os": [
                "win32"
            ],
            "engines": {
                "node": ">= 10"
            }
        },
        "node_modules/@pdf-lib/standard-fonts": {
            "version": "1.0.0",
            "resolved": "https://registry.npmjs.org/@pdf-lib/standard-fonts/-/standard-fonts-1.0.0.tgz",
            "integrity": "sha512-hU30BK9IUN/su0Mn9VdlVKsWBS6GyhVfqjwl1FjZN4TxP6cCw0jP2w7V3Hf5uX7M0AZJ16vey9yE0ny7Sa59ZA==",
            "license": "MIT",
            "dependencies": {
                "pako": "^1.0.6"
            }
        },
        "node_modules/@pdf-lib/upng": {
            "version": "1.0.1",
            "resolved": "https://registry.npmjs.org/@pdf-lib/upng/-/upng-1.0.1.tgz",
            "integrity": "sha512-dQK2FUMQtowVP00mtIksrlZhdFXQZPC+taih1q4CvPZ5vqdxR/LKBaFg0oAfzd1GlHZXXSPdQfzQnt+ViGvEIQ==",
            "license": "MIT",
            "dependencies": {
                "pako": "^1.0.10"
            }
        },
        "node_modules/@supabase/auth-js": {
            "version": "2.90.1",
            "resolved": "https://registry.npmjs.org/@supabase/auth-js/-/auth-js-2.90.1.tgz",
            "integrity": "sha512-vxb66dgo6h3yyPbR06735Ps+dK3hj0JwS8w9fdQPVZQmocSTlKUW5MfxSy99mN0XqCCuLMQ3jCEiIIUU23e9ng==",
            "license": "MIT",
            "dependencies": {
                "tslib": "2.8.1"
            },
            "engines": {
                "node": ">=20.0.0"
            }
        },
        "node_modules/@supabase/functions-js": {
            "version": "2.90.1",
            "resolved": "https://registry.npmjs.org/@supabase/functions-js/-/functions-js-2.90.1.tgz",
            "integrity": "sha512-x9mV9dF1Lam9qL3zlpP6mSM5C9iqMPtF5B/tU1Jj/F0ufX5mjDf9ghVBaErVxmrQJRL4+iMKWKY2GnODkpS8tw==",
            "license": "MIT",
            "dependencies": {
                "tslib": "2.8.1"
            },
            "engines": {
                "node": ">=20.0.0"
            }
        },
        "node_modules/@supabase/postgrest-js": {
            "version": "2.90.1",
            "resolved": "https://registry.npmjs.org/@supabase/postgrest-js/-/postgrest-js-2.90.1.tgz",
            "integrity": "sha512-jh6vqzaYzoFn3raaC0hcFt9h+Bt+uxNRBSdc7PfToQeRGk7PDPoweHsbdiPWREtDVTGKfu+PyPW9e2jbK+BCgQ==",
            "license": "MIT",
            "dependencies": {
                "tslib": "2.8.1"
            },
            "engines": {
                "node": ">=20.0.0"
            }
        },
        "node_modules/@supabase/realtime-js": {
            "version": "2.90.1",
            "resolved": "https://registry.npmjs.org/@supabase/realtime-js/-/realtime-js-2.90.1.tgz",
            "integrity": "sha512-PWbnEMkcQRuor8jhObp4+Snufkq8C6fBp+MchVp2qBPY1NXk/c3Iv3YyiFYVzo0Dzuw4nAlT4+ahuPggy4r32w==",
            "license": "MIT",
            "dependencies": {
                "@types/phoenix": "^1.6.6",
                "@types/ws": "^8.18.1",
                "tslib": "2.8.1",
                "ws": "^8.18.2"
            },
            "engines": {
                "node": ">=20.0.0"
            }
        },
        "node_modules/@supabase/ssr": {
            "version": "0.8.0",
            "resolved": "https://registry.npmjs.org/@supabase/ssr/-/ssr-0.8.0.tgz",
            "integrity": "sha512-/PKk8kNFSs8QvvJ2vOww1mF5/c5W8y42duYtXvkOSe+yZKRgTTZywYG2l41pjhNomqESZCpZtXuWmYjFRMV+dw==",
            "license": "MIT",
            "dependencies": {
                "cookie": "^1.0.2"
            },
            "peerDependencies": {
                "@supabase/supabase-js": "^2.76.1"
            }
        },
        "node_modules/@supabase/storage-js": {
            "version": "2.90.1",
            "resolved": "https://registry.npmjs.org/@supabase/storage-js/-/storage-js-2.90.1.tgz",
            "integrity": "sha512-GHY+Ps/K/RBfRj7kwx+iVf2HIdqOS43rM2iDOIDpapyUnGA9CCBFzFV/XvfzznGykd//z2dkGZhlZZprsVFqGg==",
            "license": "MIT",
            "dependencies": {
                "iceberg-js": "^0.8.1",
                "tslib": "2.8.1"
            },
            "engines": {
                "node": ">=20.0.0"
            }
        },
        "node_modules/@supabase/supabase-js": {
            "version": "2.90.1",
            "resolved": "https://registry.npmjs.org/@supabase/supabase-js/-/supabase-js-2.90.1.tgz",
            "integrity": "sha512-U8KaKGLUgTIFHtwEW1dgw1gK7XrdpvvYo7nzzqPx721GqPe8WZbAiLh/hmyKLGBYQ/mmQNr20vU9tWSDZpii3w==",
            "license": "MIT",
            "dependencies": {
                "@supabase/auth-js": "2.90.1",
                "@supabase/functions-js": "2.90.1",
                "@supabase/postgrest-js": "2.90.1",
                "@supabase/realtime-js": "2.90.1",
                "@supabase/storage-js": "2.90.1"
            },
            "engines": {
                "node": ">=20.0.0"
            }
        },
        "node_modules/@swc/counter": {
            "version": "0.1.3",
            "resolved": "https://registry.npmjs.org/@swc/counter/-/counter-0.1.3.tgz",
            "integrity": "sha512-e2BR4lsJkkRlKZ/qCHPw9ZaSxc0MVUd7gtbtaB7aMvHeJVYe8sOB8DBZkP2DtISHGSku9sCK6T6cnY0CtXrOCQ==",
            "license": "Apache-2.0"
        },
        "node_modules/@swc/helpers": {
            "version": "0.5.5",
            "resolved": "https://registry.npmjs.org/@swc/helpers/-/helpers-0.5.5.tgz",
            "integrity": "sha512-KGYxvIOXcceOAbEk4bi/dVLEK9z8sZ0uBB3Il5b1rhfClSpcX0yfRO0KmTkqR2cnQDymwLB+25ZyMzICg/cm/A==",
            "license": "Apache-2.0",
            "dependencies": {
                "@swc/counter": "^0.1.3",
                "tslib": "^2.4.0"
            }
        },
        "node_modules/@types/node": {
            "version": "25.0.3",
            "resolved": "https://registry.npmjs.org/@types/node/-/node-25.0.3.tgz",
            "integrity": "sha512-W609buLVRVmeW693xKfzHeIV6nJGGz98uCPfeXI1ELMLXVeKYZ9m15fAMSaUPBHYLGFsVRcMmSCksQOrZV9BYA==",
            "license": "MIT",
            "dependencies": {
                "undici-types": "~7.16.0"
            }
        },
        "node_modules/@types/phoenix": {
            "version": "1.6.7",
            "resolved": "https://registry.npmjs.org/@types/phoenix/-/phoenix-1.6.7.tgz",
            "integrity": "sha512-oN9ive//QSBkf19rfDv45M7eZPi0eEXylht2OLEXicu5b4KoQ1OzXIw+xDSGWxSxe1JmepRR/ZH283vsu518/Q==",
            "license": "MIT"
        },
        "node_modules/@types/react": {
            "version": "19.2.8",
            "resolved": "https://registry.npmjs.org/@types/react/-/react-19.2.8.tgz",
            "integrity": "sha512-3MbSL37jEchWZz2p2mjntRZtPt837ij10ApxKfgmXCTuHWagYg7iA5bqPw6C8BMPfwidlvfPI/fxOc42HLhcyg==",
            "dev": true,
            "license": "MIT",
            "dependencies": {
                "csstype": "^3.2.2"
            }
        },
        "node_modules/@types/ws": {
            "version": "8.18.1",
            "resolved": "https://registry.npmjs.org/@types/ws/-/ws-8.18.1.tgz",
            "integrity": "sha512-ThVF6DCVhA8kUGy+aazFQ4kXQ7E1Ty7A3ypFOe0IcJV8O/M511G99AW24irKrW56Wt44yG9+ij8FaqoBGkuBXg==",
            "license": "MIT",
            "dependencies": {
                "@types/node": "*"
            }
        },
        "node_modules/busboy": {
            "version": "1.6.0",
            "resolved": "https://registry.npmjs.org/busboy/-/busboy-1.6.0.tgz",
            "integrity": "sha512-8SFQbg/0hQ9xy3UNTB0YEnsNBbWfhf7RtnzpL7TkBiTBRfrQ9Fxcnz7VJsleJpyp6rVLvXiuORqjlHi5q+PYuA==",
            "dependencies": {
                "streamsearch": "^1.1.0"
            },
            "engines": {
                "node": ">=10.16.0"
            }
        },
        "node_modules/caniuse-lite": {
            "version": "1.0.30001762",
            "resolved": "https://registry.npmjs.org/caniuse-lite/-/caniuse-lite-1.0.30001762.tgz",
            "integrity": "sha512-PxZwGNvH7Ak8WX5iXzoK1KPZttBXNPuaOvI2ZYU7NrlM+d9Ov+TUvlLOBNGzVXAntMSMMlJPd+jY6ovrVjSmUw==",
            "funding": [
                {
                    "type": "opencollective",
                    "url": "https://opencollective.com/browserslist"
                },
                {
                    "type": "tidelift",
                    "url": "https://tidelift.com/funding/github/npm/caniuse-lite"
                },
                {
                    "type": "github",
                    "url": "https://github.com/sponsors/ai"
                }
            ],
            "license": "CC-BY-4.0"
        },
        "node_modules/client-only": {
            "version": "0.0.1",
            "resolved": "https://registry.npmjs.org/client-only/-/client-only-0.0.1.tgz",
            "integrity": "sha512-IV3Ou0jSMzZrd3pZ48nLkT9DA7Ag1pnPzaiQhpW7c3RbcqqzvzzVu+L8gfqMp/8IM2MQtSiqaCxrrcfu8I8rMA==",
            "license": "MIT"
        },
        "node_modules/cookie": {
            "version": "1.1.1",
            "resolved": "https://registry.npmjs.org/cookie/-/cookie-1.1.1.tgz",
            "integrity": "sha512-ei8Aos7ja0weRpFzJnEA9UHJ/7XQmqglbRwnf2ATjcB9Wq874VKH9kfjjirM6UhU2/E5fFYadylyhFldcqSidQ==",
            "license": "MIT",
            "engines": {
                "node": ">=18"
            },
            "funding": {
                "type": "opencollective",
                "url": "https://opencollective.com/express"
            }
        },
        "node_modules/csstype": {
            "version": "3.2.3",
            "resolved": "https://registry.npmjs.org/csstype/-/csstype-3.2.3.tgz",
            "integrity": "sha512-z1HGKcYy2xA8AGQfwrn0PAy+PB7X/GSj3UVJW9qKyn43xWa+gl5nXmU4qqLMRzWVLFC8KusUX8T/0kCiOYpAIQ==",
            "dev": true,
            "license": "MIT"
        },
        "node_modules/fsevents": {
            "version": "2.3.2",
            "resolved": "https://registry.npmjs.org/fsevents/-/fsevents-2.3.2.tgz",
            "integrity": "sha512-xiqMQR4xAeHTuB9uWm+fFRcIOgKBMiOBP+eXiyT7jsgVCq1bkVygt00oASowB7EdtpOHaaPgKt812P9ab+DDKA==",
            "dev": true,
            "hasInstallScript": true,
            "license": "MIT",
            "optional": true,
            "os": [
                "darwin"
            ],
            "engines": {
                "node": "^8.16.0 || ^10.6.0 || >=11.0.0"
            }
        },
        "node_modules/graceful-fs": {
            "version": "4.2.11",
            "resolved": "https://registry.npmjs.org/graceful-fs/-/graceful-fs-4.2.11.tgz",
            "integrity": "sha512-RbJ5/jmFcNNCcDV5o9eTnBLJ/HszWV0P73bc+Ff4nS/rJj+YaS6IGyiOL0VoBYX+l1Wrl3k63h/KrH+nhJ0XvQ==",
            "license": "ISC"
        },
        "node_modules/iceberg-js": {
            "version": "0.8.1",
            "resolved": "https://registry.npmjs.org/iceberg-js/-/iceberg-js-0.8.1.tgz",
            "integrity": "sha512-1dhVQZXhcHje7798IVM+xoo/1ZdVfzOMIc8/rgVSijRK38EDqOJoGula9N/8ZI5RD8QTxNQtK/Gozpr+qUqRRA==",
            "license": "MIT",
            "engines": {
                "node": ">=20.0.0"
            }
        },
        "node_modules/js-tokens": {
            "version": "4.0.0",
            "resolved": "https://registry.npmjs.org/js-tokens/-/js-tokens-4.0.0.tgz",
            "integrity": "sha512-RdJUflcE3cUzKiMqQgsCu06FPu9UdIJO0beYbPhHN4k6apgJtifcoCtT9bcxOpYBtpD2kCM6Sbzg4CausW/PKQ==",
            "license": "MIT"
        },
        "node_modules/loose-envify": {
            "version": "1.4.0",
            "resolved": "https://registry.npmjs.org/loose-envify/-/loose-envify-1.4.0.tgz",
            "integrity": "sha512-lyuxPGr/Wfhrlem2CL/UcnUc1zcqKAImBDzukY7Y5F/yQiNdko6+fRLevlw1HgMySw7f611UIY408EtxRSoK3Q==",
            "license": "MIT",
            "dependencies": {
                "js-tokens": "^3.0.0 || ^4.0.0"
            },
            "bin": {
                "loose-envify": "cli.js"
            }
        },
        "node_modules/nanoid": {
            "version": "3.3.11",
            "resolved": "https://registry.npmjs.org/nanoid/-/nanoid-3.3.11.tgz",
            "integrity": "sha512-N8SpfPUnUp1bK+PMYW8qSWdl9U+wwNWI4QKxOYDy9JAro3WMX7p2OeVRF9v+347pnakNevPmiHhNmZ2HbFA76w==",
            "funding": [
                {
                    "type": "github",
                    "url": "https://github.com/sponsors/ai"
                }
            ],
            "license": "MIT",
            "bin": {
                "nanoid": "bin/nanoid.cjs"
            },
            "engines": {
                "node": "^10 || ^12 || ^13.7 || ^14 || >=15.0.1"
            }
        },
        "node_modules/next": {
            "version": "14.2.3",
            "resolved": "https://registry.npmjs.org/next/-/next-14.2.3.tgz",
            "integrity": "sha512-dowFkFTR8v79NPJO4QsBUtxv0g9BrS/phluVpMAt2ku7H+cbcBJlopXjkWlwxrk/xGqMemr7JkGPGemPrLLX7A==",
            "deprecated": "This version has a security vulnerability. Please upgrade to a patched version. See https://nextjs.org/blog/security-update-2025-12-11 for more details.",
            "license": "MIT",
            "dependencies": {
                "@next/env": "14.2.3",
                "@swc/helpers": "0.5.5",
                "busboy": "1.6.0",
                "caniuse-lite": "^1.0.30001579",
                "graceful-fs": "^4.2.11",
                "postcss": "8.4.31",
                "styled-jsx": "5.1.1"
            },
            "bin": {
                "next": "dist/bin/next"
            },
            "engines": {
                "node": ">=18.17.0"
            },
            "optionalDependencies": {
                "@next/swc-darwin-arm64": "14.2.3",
                "@next/swc-darwin-x64": "14.2.3",
                "@next/swc-linux-arm64-gnu": "14.2.3",
                "@next/swc-linux-arm64-musl": "14.2.3",
                "@next/swc-linux-x64-gnu": "14.2.3",
                "@next/swc-linux-x64-musl": "14.2.3",
                "@next/swc-win32-arm64-msvc": "14.2.3",
                "@next/swc-win32-ia32-msvc": "14.2.3",
                "@next/swc-win32-x64-msvc": "14.2.3"
            },
            "peerDependencies": {
                "@opentelemetry/api": "^1.1.0",
                "@playwright/test": "^1.41.2",
                "react": "^18.2.0",
                "react-dom": "^18.2.0",
                "sass": "^1.3.0"
            },
            "peerDependenciesMeta": {
                "@opentelemetry/api": {
                    "optional": true
                },
                "@playwright/test": {
                    "optional": true
                },
                "sass": {
                    "optional": true
                }
            }
        },
        "node_modules/pako": {
            "version": "1.0.11",
            "resolved": "https://registry.npmjs.org/pako/-/pako-1.0.11.tgz",
            "integrity": "sha512-4hLB8Py4zZce5s4yd9XzopqwVv/yGNhV1Bl8NTmCq1763HeK2+EwVTv+leGeL13Dnh2wfbqowVPXCIO0z4taYw==",
            "license": "(MIT AND Zlib)"
        },
        "node_modules/pdf-lib": {
            "version": "1.17.1",
            "resolved": "https://registry.npmjs.org/pdf-lib/-/pdf-lib-1.17.1.tgz",
            "integrity": "sha512-V/mpyJAoTsN4cnP31vc0wfNA1+p20evqqnap0KLoRUN0Yk/p3wN52DOEsL4oBFcLdb76hlpKPtzJIgo67j/XLw==",
            "license": "MIT",
            "dependencies": {
                "@pdf-lib/standard-fonts": "^1.0.0",
                "@pdf-lib/upng": "^1.0.1",
                "pako": "^1.0.11",
                "tslib": "^1.11.1"
            }
        },
        "node_modules/pdf-lib/node_modules/tslib": {
            "version": "1.14.1",
            "resolved": "https://registry.npmjs.org/tslib/-/tslib-1.14.1.tgz",
            "integrity": "sha512-Xni35NKzjgMrwevysHTCArtLDpPvye8zV/0E4EyYn43P7/7qvQwPh9BGkHewbMulVntbigmcT7rdX3BNo9wRJg==",
            "license": "0BSD"
        },
        "node_modules/pdfjs-dist": {
            "version": "5.4.530",
            "resolved": "https://registry.npmjs.org/pdfjs-dist/-/pdfjs-dist-5.4.530.tgz",
            "integrity": "sha512-r1hWsSIGGmyYUAHR26zSXkxYWLXLMd6AwqcaFYG9YUZ0GBf5GvcjJSeo512tabM4GYFhxhl5pMCmPr7Q72Rq2Q==",
            "license": "Apache-2.0",
            "engines": {
                "node": ">=20.16.0 || >=22.3.0"
            },
            "optionalDependencies": {
                "@napi-rs/canvas": "^0.1.84"
            }
        },
        "node_modules/picocolors": {
            "version": "1.1.1",
            "resolved": "https://registry.npmjs.org/picocolors/-/picocolors-1.1.1.tgz",
            "integrity": "sha512-xceH2snhtb5M9liqDsmEw56le376mTZkEX/jEb/RxNFyegNul7eNslCXP9FDj/Lcu0X8KEyMceP2ntpaHrDEVA==",
            "license": "ISC"
        },
        "node_modules/playwright": {
            "version": "1.57.0",
            "resolved": "https://registry.npmjs.org/playwright/-/playwright-1.57.0.tgz",
            "integrity": "sha512-ilYQj1s8sr2ppEJ2YVadYBN0Mb3mdo9J0wQ+UuDhzYqURwSoW4n1Xs5vs7ORwgDGmyEh33tRMeS8KhdkMoLXQw==",
            "dev": true,
            "license": "Apache-2.0",
            "dependencies": {
                "playwright-core": "1.57.0"
            },
            "bin": {
                "playwright": "cli.js"
            },
            "engines": {
                "node": ">=18"
            },
            "optionalDependencies": {
                "fsevents": "2.3.2"
            }
        },
        "node_modules/playwright-core": {
            "version": "1.57.0",
            "resolved": "https://registry.npmjs.org/playwright-core/-/playwright-core-1.57.0.tgz",
            "integrity": "sha512-agTcKlMw/mjBWOnD6kFZttAAGHgi/Nw0CZ2o6JqWSbMlI219lAFLZZCyqByTsvVAJq5XA5H8cA6PrvBRpBWEuQ==",
            "dev": true,
            "license": "Apache-2.0",
            "bin": {
                "playwright-core": "cli.js"
            },
            "engines": {
                "node": ">=18"
            }
        },
        "node_modules/postcss": {
            "version": "8.4.31",
            "resolved": "https://registry.npmjs.org/postcss/-/postcss-8.4.31.tgz",
            "integrity": "sha512-PS08Iboia9mts/2ygV3eLpY5ghnUcfLV/EXTOW1E2qYxJKGGBUtNjN76FYHnMs36RmARn41bC0AZmn+rR0OVpQ==",
            "funding": [
                {
                    "type": "opencollective",
                    "url": "https://opencollective.com/postcss/"
                },
                {
                    "type": "tidelift",
                    "url": "https://tidelift.com/funding/github/npm/postcss"
                },
                {
                    "type": "github",
                    "url": "https://github.com/sponsors/ai"
                }
            ],
            "license": "MIT",
            "dependencies": {
                "nanoid": "^3.3.6",
                "picocolors": "^1.0.0",
                "source-map-js": "^1.0.2"
            },
            "engines": {
                "node": "^10 || ^12 || >=14"
            }
        },
        "node_modules/react": {
            "version": "18.3.1",
            "resolved": "https://registry.npmjs.org/react/-/react-18.3.1.tgz",
            "integrity": "sha512-wS+hAgJShR0KhEvPJArfuPVN1+Hz1t0Y6n5jLrGQbkb4urgPE/0Rve+1kMB1v/oWgHgm4WIcV+i7F2pTVj+2iQ==",
            "license": "MIT",
            "dependencies": {
                "loose-envify": "^1.1.0"
            },
            "engines": {
                "node": ">=0.10.0"
            }
        },
        "node_modules/react-dom": {
            "version": "18.3.1",
            "resolved": "https://registry.npmjs.org/react-dom/-/react-dom-18.3.1.tgz",
            "integrity": "sha512-5m4nQKp+rZRb09LNH59GM4BxTh9251/ylbKIbpe7TpGxfJ+9kv6BLkLBXIjjspbgbnIBNqlI23tRnTWT0snUIw==",
            "license": "MIT",
            "dependencies": {
                "loose-envify": "^1.1.0",
                "scheduler": "^0.23.2"
            },
            "peerDependencies": {
                "react": "^18.3.1"
            }
        },
        "node_modules/scheduler": {
            "version": "0.23.2",
            "resolved": "https://registry.npmjs.org/scheduler/-/scheduler-0.23.2.tgz",
            "integrity": "sha512-UOShsPwz7NrMUqhR6t0hWjFduvOzbtv7toDH1/hIrfRNIDBnnBWd0CwJTGvTpngVlmwGCdP9/Zl/tVrDqcuYzQ==",
            "license": "MIT",
            "dependencies": {
                "loose-envify": "^1.1.0"
            }
        },
        "node_modules/source-map-js": {
            "version": "1.2.1",
            "resolved": "https://registry.npmjs.org/source-map-js/-/source-map-js-1.2.1.tgz",
            "integrity": "sha512-UXWMKhLOwVKb728IUtQPXxfYU+usdybtUrK/8uGE8CQMvrhOpwvzDBwj0QhSL7MQc7vIsISBG8VQ8+IDQxpfQA==",
            "license": "BSD-3-Clause",
            "engines": {
                "node": ">=0.10.0"
            }
        },
        "node_modules/streamsearch": {
            "version": "1.1.0",
            "resolved": "https://registry.npmjs.org/streamsearch/-/streamsearch-1.1.0.tgz",
            "integrity": "sha512-Mcc5wHehp9aXz1ax6bZUyY5afg9u2rv5cqQI3mRrYkGC8rW2hM02jWuwjtL++LS5qinSyhj2QfLyNsuc+VsExg==",
            "engines": {
                "node": ">=10.0.0"
            }
        },
        "node_modules/styled-jsx": {
            "version": "5.1.1",
            "resolved": "https://registry.npmjs.org/styled-jsx/-/styled-jsx-5.1.1.tgz",
            "integrity": "sha512-pW7uC1l4mBZ8ugbiZrcIsiIvVx1UmTfw7UkC3Um2tmfUq9Bhk8IiyEIPl6F8agHgjzku6j0xQEZbfA5uSgSaCw==",
            "license": "MIT",
            "dependencies": {
                "client-only": "0.0.1"
            },
            "engines": {
                "node": ">= 12.0.0"
            },
            "peerDependencies": {
                "react": ">= 16.8.0 || 17.x.x || ^18.0.0-0"
            },
            "peerDependenciesMeta": {
                "@babel/core": {
                    "optional": true
                },
                "babel-plugin-macros": {
                    "optional": true
                }
            }
        },
        "node_modules/tslib": {
            "version": "2.8.1",
            "resolved": "https://registry.npmjs.org/tslib/-/tslib-2.8.1.tgz",
            "integrity": "sha512-oJFu94HQb+KVduSUQL7wnpmqnfmLsOA/nAh6b6EH0wCEoK0/mPeXU6c3wKDV83MkOuHPRHtSXKKU99IBazS/2w==",
            "license": "0BSD"
        },
        "node_modules/typescript": {
            "version": "5.9.3",
            "resolved": "https://registry.npmjs.org/typescript/-/typescript-5.9.3.tgz",
            "integrity": "sha512-jl1vZzPDinLr9eUt3J/t7V6FgNEw9QjvBPdysz9KfQDD41fQrC2Y4vKQdiaUpFT4bXlb1RHhLpp8wtm6M5TgSw==",
            "dev": true,
            "license": "Apache-2.0",
            "bin": {
                "tsc": "bin/tsc",
                "tsserver": "bin/tsserver"
            },
            "engines": {
                "node": ">=14.17"
            }
        },
        "node_modules/undici-types": {
            "version": "7.16.0",
            "resolved": "https://registry.npmjs.org/undici-types/-/undici-types-7.16.0.tgz",
            "integrity": "sha512-Zz+aZWSj8LE6zoxD+xrjh4VfkIG8Ya6LvYkZqtUQGJPZjYl53ypCaUwWqo7eI0x66KBGeRo+mlBEkMSeSZ38Nw==",
            "license": "MIT"
        },
        "node_modules/ws": {
            "version": "8.19.0",
            "resolved": "https://registry.npmjs.org/ws/-/ws-8.19.0.tgz",
            "integrity": "sha512-blAT2mjOEIi0ZzruJfIhb3nps74PRWTCz1IjglWEEpQl5XS/UNama6u2/rjFkDDouqr4L67ry+1aGIALViWjDg==",
            "license": "MIT",
            "engines": {
                "node": ">=10.0.0"
            },
            "peerDependencies": {
                "bufferutil": "^4.0.1",
                "utf-8-validate": ">=5.0.2"
            },
            "peerDependenciesMeta": {
                "bufferutil": {
                    "optional": true
                },
                "utf-8-validate": {
                    "optional": true
                }
            }
        }
    }
}
